
Microsoft Visual Studio Solution File, Format Version 12.00
# Visual Studio Version 16
VisualStudioVersion = 16.0.29209.62
MinimumVisualStudioVersion = 10.0.40219.1
Project("{F184B08F-C81C-45F6-A57F-5ABD9991F28F}") = "WindowsApp2", "WindowsApp2\WindowsApp2.vbproj", "{6558CFD0-BB70-4472-9A38-830B64955FB9}"
EndProject
Global
	GlobalSection(SolutionConfigurationPlatforms) = preSolution
		Debug|Any CPU = Debug|Any CPU
		Release|Any CPU = Release|Any CPU
	EndGlobalSection
	GlobalSection(ProjectConfigurationPlatforms) = postSolution
		{6558CFD0-BB70-4472-9A38-830B64955FB9}.Debug|Any CPU.ActiveCfg = Debug|Any CPU
		{6558CFD0-BB70-4472-9A38-830B64955FB9}.Debug|Any CPU.Build.0 = Debug|Any CPU
		{6558CFD0-BB70-4472-9A38-830B64955FB9}.Release|Any CPU.ActiveCfg = Release|Any CPU
		{6558CFD0-BB70-4472-9A38-830B64955FB9}.Release|Any CPU.Build.0 = Release|Any CPU
	EndGlobalSection
	GlobalSection(SolutionProperties) = preSolution
		HideSolutionNode = FALSE
	EndGlobalSection
	GlobalSection(ExtensibilityGlobals) = postSolution
		SolutionGuid = {5E413754-52E2-4652-AB25-FCDA24E83225}
	EndGlobalSection
EndGlobal
